{
  "name": "pkg_ws",
  "version": "1.0.0",
  "lockfileVersion": 1,
  "requires": true,
  "dependencies": {
    "@msgpackr-extract/msgpackr-extract-darwin-arm64": {
      "version": "2.1.2",
      "resolved": "https://registry.npmjs.org/@msgpackr-extract/msgpackr-extract-darwin-arm64/-/msgpackr-extract-darwin-arm64-2.1.2.tgz",
      "integrity": "sha512-TyVLn3S/+ikMDsh0gbKv2YydKClN8HaJDDpONlaZR+LVJmsxLFUgA+O7zu59h9+f9gX1aj/ahw9wqa6rosmrYQ==",
      "optional": true
    },
    "@msgpackr-extract/msgpackr-extract-darwin-x64": {
      "version": "2.1.2",
      "resolved": "https://registry.npmjs.org/@msgpackr-extract/msgpackr-extract-darwin-x64/-/msgpackr-extract-darwin-x64-2.1.2.tgz",
      "integrity": "sha512-YPXtcVkhmVNoMGlqp81ZHW4dMxK09msWgnxtsDpSiZwTzUBG2N+No2bsr7WMtBKCVJMSD6mbAl7YhKUqkp/Few==",
      "optional": true
    },
    "@msgpackr-extract/msgpackr-extract-linux-arm": {
      "version": "2.1.2",
      "resolved": "https://registry.npmjs.org/@msgpackr-extract/msgpackr-extract-linux-arm/-/msgpackr-extract-linux-arm-2.1.2.tgz",
      "integrity": "sha512-42R4MAFeIeNn+L98qwxAt360bwzX2Kf0ZQkBBucJ2Ircza3asoY4CDbgiu9VWklq8gWJVSJSJBwDI+c/THiWkA==",
      "optional": true
    },
    "@msgpackr-extract/msgpackr-extract-linux-arm64": {
      "version": "2.1.2",
      "resolved": "https://registry.npmjs.org/@msgpackr-extract/msgpackr-extract-linux-arm64/-/msgpackr-extract-linux-arm64-2.1.2.tgz",
      "integrity": "sha512-vHZ2JiOWF2+DN9lzltGbhtQNzDo8fKFGrf37UJrgqxU0yvtERrzUugnfnX1wmVfFhSsF8OxrfqiNOUc5hko1Zg==",
      "optional": true
    },
    "@msgpackr-extract/msgpackr-extract-linux-x64": {
      "version": "2.1.2",
      "resolved": "https://registry.npmjs.org/@msgpackr-extract/msgpackr-extract-linux-x64/-/msgpackr-extract-linux-x64-2.1.2.tgz",
      "integrity": "sha512-RjRoRxg7Q3kPAdUSC5EUUPlwfMkIVhmaRTIe+cqHbKrGZ4M6TyCA/b5qMaukQ/1CHWrqYY2FbKOAU8Hg0pQFzg==",
      "optional": true
    },
    "@msgpackr-extract/msgpackr-extract-win32-x64": {
      "version": "2.1.2",
      "resolved": "https://registry.npmjs.org/@msgpackr-extract/msgpackr-extract-win32-x64/-/msgpackr-extract-win32-x64-2.1.2.tgz",
      "integrity": "sha512-rIZVR48zA8hGkHIK7ED6+ZiXsjRCcAVBJbm8o89OKAMTmEAQ2QvoOxoiu3w2isAaWwzgtQIOFIqHwvZDyLKCvw==",
      "optional": true
    },
    "moment": {
      "version": "2.29.4",
      "resolved": "https://registry.npmjs.org/moment/-/moment-2.29.4.tgz",
      "integrity": "sha512-5LC9SOxjSc2HF6vO2CyuTDNivEdoz2IvyJJGj6X8DJ0eFyfszE0QiEd+iXmBvUP3WHxSjFH/vIsA0EN00cgr8w=="
    },
    "msgpackr": {
      "version": "1.7.0-beta1",
      "resolved": "https://registry.npmjs.org/msgpackr/-/msgpackr-1.7.0-beta1.tgz",
      "integrity": "sha512-rctZ0l7P6XUbUEnGPkLzbuXQZ6XjMpRK0FuSJFyEbfH3NJ6JWN3etBJBjejXvZEFf3MaFhQkmoJHvzNgQwsvpw==",
      "requires": {
        "msgpackr-extract": "^2.1.1"
      }
    },
    "msgpackr-extract": {
      "version": "2.1.2",
      "resolved": "https://registry.npmjs.org/msgpackr-extract/-/msgpackr-extract-2.1.2.tgz",
      "integrity": "sha512-cmrmERQFb19NX2JABOGtrKdHMyI6RUyceaPBQ2iRz9GnDkjBWFjNJC0jyyoOfZl2U/LZE3tQCCQc4dlRyA8mcA==",
      "optional": true,
      "requires": {
        "@msgpackr-extract/msgpackr-extract-darwin-arm64": "2.1.2",
        "@msgpackr-extract/msgpackr-extract-darwin-x64": "2.1.2",
        "@msgpackr-extract/msgpackr-extract-linux-arm": "2.1.2",
        "@msgpackr-extract/msgpackr-extract-linux-arm64": "2.1.2",
        "@msgpackr-extract/msgpackr-extract-linux-x64": "2.1.2",
        "@msgpackr-extract/msgpackr-extract-win32-x64": "2.1.2",
        "node-gyp-build-optional-packages": "5.0.3"
      }
    },
    "nats.ws": {
      "version": "1.9.0",
      "resolved": "https://registry.npmjs.org/nats.ws/-/nats.ws-1.9.0.tgz",
      "integrity": "sha512-HLnn+AFHeQD1qrKtfvnW9x8hOWiKUpx8hFviq6AjBH3uUsI9EDmRJOdV+gx+vEnGRHmJyHLpyWEOT1Snf8CF8A==",
      "requires": {
        "nkeys.js": "1.0.3"
      }
    },
    "nkeys.js": {
      "version": "1.0.3",
      "resolved": "https://registry.npmjs.org/nkeys.js/-/nkeys.js-1.0.3.tgz",
      "integrity": "sha512-p5Bpb/acPaQmCrbe4gNmMBY/naZJV8Q7m2B9UkXT8BQRC6wjX8zqD2ya8eZu9mpSXQffodV46HCP9OckmxcwYA==",
      "optional": true,
      "requires": {
        "tweetnacl": "1.0.3"
      }
    },
    "node-gyp-build-optional-packages": {
      "version": "5.0.3",
      "resolved": "https://registry.npmjs.org/node-gyp-build-optional-packages/-/node-gyp-build-optional-packages-5.0.3.tgz",
      "integrity": "sha512-k75jcVzk5wnnc/FMxsf4udAoTEUv2jY3ycfdSd3yWu6Cnd1oee6/CfZJApyscA4FJOmdoixWwiwOyf16RzD5JA==",
      "optional": true
    },
    "rand": {
      "version": "0.0.4",
      "resolved": "https://registry.npmjs.org/rand/-/rand-0.0.4.tgz",
      "integrity": "sha512-lHNmfD2201VZb/XEugB5js5oo4dCJRRNBR4gxBwtNmvCbt5I88Cc0etLBZm26Kho/kW7sNLyGTSw9rlIItYdeQ=="
    },
    "tweetnacl": {
      "version": "1.0.3",
      "resolved": "https://registry.npmjs.org/tweetnacl/-/tweetnacl-1.0.3.tgz",
      "integrity": "sha512-6rt+RN7aOi1nGMyC4Xa5DdYiukl2UWCbcJft7YhxReBGQD7OAM8Pbxw6YMo4r2diNEA8FEmu32YOn9rhaiE5yw==",
      "optional": true
    }
  }
}
